{
    "_readme": [
        "This file locks the dependencies of your project to a known state",
        "Read more about it at https://getcomposer.org/doc/01-basic-usage.md#installing-dependencies",
        "This file is @generated automatically"
    ],
    "content-hash": "09aa68c8e548bcc7565997c28a298faa",
    "packages": [],
    "packages-dev": [
        {
            "name": "codger/generate",
            "version": "0.5.1",
            "source": {
                "type": "git",
                "url": "https://github.com/codger-php/generate.git",
                "reference": "364f59cbad10f7f19bdd6f5ad40638a33343d262"
            },
            "dist": {
                "type": "zip",
                "url": "https://api.github.com/repos/codger-php/generate/zipball/364f59cbad10f7f19bdd6f5ad40638a33343d262",
                "reference": "364f59cbad10f7f19bdd6f5ad40638a33343d262",
                "shasum": ""
            },
            "require": {
                "php": ">=7.2",
                "twig/twig": "^2.5"
            },
            "require-dev": {
                "gentry/gentry": "^0.13.0",
                "gentry/toast": "^0.1.0",
                "toast/unit": "^1.3"
            },
            "bin": [
                "bin/codger"
            ],
            "type": "library",
            "autoload": {
                "psr-4": {
                    "Codger\\Generate\\": "./src"
                }
            },
            "notification-url": "https://packagist.org/downloads/",
            "license": [
                "MIT"
            ],
            "authors": [
                {
                    "name": "Marijn Ophorst",
                    "email": "marijn@monomelodies.nl"
                }
            ],
            "description": "Code generator, base framework",
            "time": "2018-09-29T15:18:57+00:00"
        },
        {
            "name": "codger/php",
            "version": "0.3.7",
            "source": {
                "type": "git",
                "url": "https://github.com/codger-php/php.git",
                "reference": "3cdb88663796ccccdd8ffbcacbf66fe1b0d0171e"
            },
            "dist": {
                "type": "zip",
                "url": "https://api.github.com/repos/codger-php/php/zipball/3cdb88663796ccccdd8ffbcacbf66fe1b0d0171e",
                "reference": "3cdb88663796ccccdd8ffbcacbf66fe1b0d0171e",
                "shasum": ""
            },
            "require": {
                "codger/generate": "^0.5.0"
            },
            "require-dev": {
                "gentry/gentry": "^0.13.0",
                "gentry/toast": "^0.1.0",
                "toast/unit": "^1.3"
            },
            "type": "library",
            "autoload": {
                "psr-4": {
                    "Codger\\Php\\": "./src"
                }
            },
            "notification-url": "https://packagist.org/downloads/",
            "license": [
                "MIT"
            ],
            "authors": [
                {
                    "name": "Marijn Ophorst",
                    "email": "marijn@monomelodies.nl"
                }
            ],
            "description": "Codger code generator, PHP templates",
            "time": "2018-09-29T15:10:09+00:00"
        },
        {
            "name": "sensi/codger-monolyth-module",
            "version": "dev-master",
            "source": {
                "type": "git",
                "url": "ssh://git@barabas.sensimedia.nl/home/git/libraries/sensi/codger-monolyth-module",
                "reference": "f9553918e9a9866687e66f7a2d277fd0b08ae67a"
            },
            "require": {
                "codger/php": "^0.3.6",
                "php": ">=7.2"
            },
            "require-dev": {
                "gentry/gentry": "^0.13.0",
                "gentry/toast": "^0.1.0",
                "sensi/codger-improse-view": "@dev",
                "sensi/codger-model": "@dev",
                "sensi/codger-repository": "@dev",
                "toast/unit": "^1.3"
            },
            "type": "library",
            "autoload": {
                "psr-4": {
                    "Sensi\\CodgerMonolythModule\\": "./src"
                }
            },
            "scripts": {
                "post-install-cmd": [
                    "Sensi\\CodgerMonolythModule\\Installer::installRecipies"
                ],
                "post-update-cmd": [
                    "Sensi\\CodgerMonolythModule\\Installer::installRecipies"
                ]
            },
            "license": [
                "MIT"
            ],
            "authors": [
                {
                    "name": "Marijn Ophorst",
                    "email": "marijn@sensimedia.nl"
                }
            ],
            "description": "Generate Monolyth standard Sensi modules",
            "time": "2018-09-29T15:25:54+00:00"
        },
        {
            "name": "symfony/polyfill-ctype",
            "version": "v1.9.0",
            "source": {
                "type": "git",
                "url": "https://github.com/symfony/polyfill-ctype.git",
                "reference": "e3d826245268269cd66f8326bd8bc066687b4a19"
            },
            "dist": {
                "type": "zip",
                "url": "https://api.github.com/repos/symfony/polyfill-ctype/zipball/e3d826245268269cd66f8326bd8bc066687b4a19",
                "reference": "e3d826245268269cd66f8326bd8bc066687b4a19",
                "shasum": ""
            },
            "require": {
                "php": ">=5.3.3"
            },
            "suggest": {
                "ext-ctype": "For best performance"
            },
            "type": "library",
            "extra": {
                "branch-alias": {
                    "dev-master": "1.9-dev"
                }
            },
            "autoload": {
                "psr-4": {
                    "Symfony\\Polyfill\\Ctype\\": ""
                },
                "files": [
                    "bootstrap.php"
                ]
            },
            "notification-url": "https://packagist.org/downloads/",
            "license": [
                "MIT"
            ],
            "authors": [
                {
                    "name": "Symfony Community",
                    "homepage": "https://symfony.com/contributors"
                },
                {
                    "name": "Gert de Pagter",
                    "email": "BackEndTea@gmail.com"
                }
            ],
            "description": "Symfony polyfill for ctype functions",
            "homepage": "https://symfony.com",
            "keywords": [
                "compatibility",
                "ctype",
                "polyfill",
                "portable"
            ],
            "time": "2018-08-06T14:22:27+00:00"
        },
        {
            "name": "symfony/polyfill-mbstring",
            "version": "v1.9.0",
            "source": {
                "type": "git",
                "url": "https://github.com/symfony/polyfill-mbstring.git",
                "reference": "d0cd638f4634c16d8df4508e847f14e9e43168b8"
            },
            "dist": {
                "type": "zip",
                "url": "https://api.github.com/repos/symfony/polyfill-mbstring/zipball/d0cd638f4634c16d8df4508e847f14e9e43168b8",
                "reference": "d0cd638f4634c16d8df4508e847f14e9e43168b8",
                "shasum": ""
            },
            "require": {
                "php": ">=5.3.3"
            },
            "suggest": {
                "ext-mbstring": "For best performance"
            },
            "type": "library",
            "extra": {
                "branch-alias": {
                    "dev-master": "1.9-dev"
                }
            },
            "autoload": {
                "psr-4": {
                    "Symfony\\Polyfill\\Mbstring\\": ""
                },
                "files": [
                    "bootstrap.php"
                ]
            },
            "notification-url": "https://packagist.org/downloads/",
            "license": [
                "MIT"
            ],
            "authors": [
                {
                    "name": "Nicolas Grekas",
                    "email": "p@tchwork.com"
                },
                {
                    "name": "Symfony Community",
                    "homepage": "https://symfony.com/contributors"
                }
            ],
            "description": "Symfony polyfill for the Mbstring extension",
            "homepage": "https://symfony.com",
            "keywords": [
                "compatibility",
                "mbstring",
                "polyfill",
                "portable",
                "shim"
            ],
            "time": "2018-08-06T14:22:27+00:00"
        },
        {
            "name": "twig/twig",
            "version": "v2.5.0",
            "source": {
                "type": "git",
                "url": "https://github.com/twigphp/Twig.git",
                "reference": "6a5f676b77a90823c2d4eaf76137b771adf31323"
            },
            "dist": {
                "type": "zip",
                "url": "https://api.github.com/repos/twigphp/Twig/zipball/6a5f676b77a90823c2d4eaf76137b771adf31323",
                "reference": "6a5f676b77a90823c2d4eaf76137b771adf31323",
                "shasum": ""
            },
            "require": {
                "php": "^7.0",
                "symfony/polyfill-ctype": "^1.8",
                "symfony/polyfill-mbstring": "~1.0"
            },
            "require-dev": {
                "psr/container": "^1.0",
                "symfony/debug": "^2.7",
                "symfony/phpunit-bridge": "^3.3"
            },
            "type": "library",
            "extra": {
                "branch-alias": {
                    "dev-master": "2.5-dev"
                }
            },
            "autoload": {
                "psr-0": {
                    "Twig_": "lib/"
                },
                "psr-4": {
                    "Twig\\": "src/"
                }
            },
            "notification-url": "https://packagist.org/downloads/",
            "license": [
                "BSD-3-Clause"
            ],
            "authors": [
                {
                    "name": "Fabien Potencier",
                    "email": "fabien@symfony.com",
                    "homepage": "http://fabien.potencier.org",
                    "role": "Lead Developer"
                },
                {
                    "name": "Armin Ronacher",
                    "email": "armin.ronacher@active-4.com",
                    "role": "Project Founder"
                },
                {
                    "name": "Twig Team",
                    "homepage": "https://twig.symfony.com/contributors",
                    "role": "Contributors"
                }
            ],
            "description": "Twig, the flexible, fast, and secure template language for PHP",
            "homepage": "https://twig.symfony.com",
            "keywords": [
                "templating"
            ],
            "time": "2018-07-13T07:18:09+00:00"
        }
    ],
    "aliases": [],
    "minimum-stability": "stable",
    "stability-flags": {
        "sensi/codger-monolyth-module": 20
    },
    "prefer-stable": false,
    "prefer-lowest": false,
    "platform": [],
    "platform-dev": []
}
